<?xml version="1.0" encoding="utf-8"?>
<Project ToolsVersion="4.0" xmlns="http://schemas.microsoft.com/developer/msbuild/2003">
  <ItemGroup>
    <Filter Include="源文件">
      <UniqueIdentifier>{4FC737F1-C7A5-4376-A066-2A32D752A2FF}</UniqueIdentifier>
      <Extensions>cpp;c;cc;cxx;c++;cppm;ixx;def;odl;idl;hpj;bat;asm;asmx</Extensions>
    </Filter>
    <Filter Include="头文件">
      <UniqueIdentifier>{93995380-89BD-4b04-88EB-625FBE52EBFB}</UniqueIdentifier>
      <Extensions>h;hh;hpp;hxx;h++;hm;inl;inc;ipp;xsd</Extensions>
    </Filter>
    <Filter Include="资源文件">
      <UniqueIdentifier>{67DA6AB6-F800-4c08-8B7A-83BB121AAD01}</UniqueIdentifier>
      <Extensions>rc;ico;cur;bmp;dlg;rc2;rct;bin;rgs;gif;jpg;jpeg;jpe;resx;tiff;tif;png;wav;mfcribbon-ms</Extensions>
    </Filter>
  </ItemGroup>
  <ItemGroup>
    <ClCompile Include="Link_List.cpp">
      <Filter>源文件</Filter>
    </ClCompile>
    <ClCompile Include="Dynamic.cpp">
      <Filter>源文件</Filter>
    </ClCompile>
    <ClCompile Include="Circle_Link.cpp">
      <Filter>源文件</Filter>
    </ClCompile>
    <ClCompile Include="Double_List.cpp">
      <Filter>源文件</Filter>
    </ClCompile>
    <ClCompile Include="Link_List_Problem.cpp">
      <Filter>源文件</Filter>
    </ClCompile>
    <ClCompile Include="Seq_Stack.cpp">
      <Filter>源文件</Filter>
    </ClCompile>
    <ClCompile Include="Link_Stack.cpp">
      <Filter>源文件</Filter>
    </ClCompile>
    <ClCompile Include="Link_Queue.cpp">
      <Filter>源文件</Filter>
    </ClCompile>
    <ClCompile Include="Circle_Queue.cpp">
      <Filter>源文件</Filter>
    </ClCompile>
    <ClCompile Include="Tow_Stack_Queue.cpp">
      <Filter>源文件</Filter>
    </ClCompile>
    <ClCompile Include="Hash_Map.cpp">
      <Filter>源文件</Filter>
    </ClCompile>
    <ClCompile Include="Hash_Map_Pluscpp.cpp">
      <Filter>源文件</Filter>
    </ClCompile>
    <ClCompile Include="Sort.cpp">
      <Filter>源文件</Filter>
    </ClCompile>
    <ClCompile Include="BF_&amp;_Kmp.cpp">
      <Filter>源文件</Filter>
    </ClCompile>
    <ClCompile Include="Binary_Tree.cpp">
      <Filter>源文件</Filter>
    </ClCompile>
    <ClCompile Include="Binary_Search_Tree.cpp">
      <Filter>源文件</Filter>
    </ClCompile>
    <ClCompile Include="AVL.cpp">
      <Filter>源文件</Filter>
    </ClCompile>
  </ItemGroup>
  <ItemGroup>
    <ClInclude Include="Link_List.h">
      <Filter>头文件</Filter>
    </ClInclude>
    <ClInclude Include="Dynamic.h">
      <Filter>头文件</Filter>
    </ClInclude>
    <ClInclude Include="Circle_Link.h">
      <Filter>头文件</Filter>
    </ClInclude>
    <ClInclude Include="Double_List.h">
      <Filter>头文件</Filter>
    </ClInclude>
    <ClInclude Include="Seq_Stack.h">
      <Filter>头文件</Filter>
    </ClInclude>
    <ClInclude Include="Link_Stack.h">
      <Filter>头文件</Filter>
    </ClInclude>
    <ClInclude Include="Link_Queue.h">
      <Filter>头文件</Filter>
    </ClInclude>
    <ClInclude Include="Circle_Queue.h">
      <Filter>头文件</Filter>
    </ClInclude>
    <ClInclude Include="Tow_Stack_Queue.h">
      <Filter>头文件</Filter>
    </ClInclude>
    <ClInclude Include="Hash_Map.h">
      <Filter>头文件</Filter>
    </ClInclude>
    <ClInclude Include="Hash_Map_Plus.h">
      <Filter>头文件</Filter>
    </ClInclude>
    <ClInclude Include="Sort.h">
      <Filter>头文件</Filter>
    </ClInclude>
    <ClInclude Include="BF_&amp;_Kmp.h">
      <Filter>头文件</Filter>
    </ClInclude>
    <ClInclude Include="Binary_Tree.h">
      <Filter>头文件</Filter>
    </ClInclude>
    <ClInclude Include="Binary_Search_Tree.h">
      <Filter>头文件</Filter>
    </ClInclude>
    <ClInclude Include="AVL.h">
      <Filter>头文件</Filter>
    </ClInclude>
  </ItemGroup>
</Project>